
Microsoft Visual Studio Solution File, Format Version 12.00
# Visual Studio Version 16
VisualStudioVersion = 16.0.30523.141
MinimumVisualStudioVersion = 10.0.40219.1
Project("{FAE04EC0-301F-11D3-BF4B-00C04F79EFBC}") = "Wood_STF.Android", "Wood_STF.Android\Wood_STF.Android.csproj", "{9563738D-B5AE-41C6-85A4-AC1B75A2DFCA}"
EndProject
Project("{9A19103F-16F7-4668-BE54-9A1E7A4F7556}") = "Wood_STF", "Wood_STF\Wood_STF.csproj", "{833330F4-09D8-4F91-8797-E21C25B9664F}"
EndProject
Global
	GlobalSection(SolutionConfigurationPlatforms) = preSolution
		Debug|Any CPU = Debug|Any CPU
		Release|Any CPU = Release|Any CPU
	EndGlobalSection
	GlobalSection(ProjectConfigurationPlatforms) = postSolution
		{9563738D-B5AE-41C6-85A4-AC1B75A2DFCA}.Debug|Any CPU.ActiveCfg = Debug|Any CPU
		{9563738D-B5AE-41C6-85A4-AC1B75A2DFCA}.Debug|Any CPU.Build.0 = Debug|Any CPU
		{9563738D-B5AE-41C6-85A4-AC1B75A2DFCA}.Debug|Any CPU.Deploy.0 = Debug|Any CPU
		{9563738D-B5AE-41C6-85A4-AC1B75A2DFCA}.Release|Any CPU.ActiveCfg = Release|Any CPU
		{9563738D-B5AE-41C6-85A4-AC1B75A2DFCA}.Release|Any CPU.Build.0 = Release|Any CPU
		{9563738D-B5AE-41C6-85A4-AC1B75A2DFCA}.Release|Any CPU.Deploy.0 = Release|Any CPU
		{833330F4-09D8-4F91-8797-E21C25B9664F}.Debug|Any CPU.ActiveCfg = Debug|Any CPU
		{833330F4-09D8-4F91-8797-E21C25B9664F}.Debug|Any CPU.Build.0 = Debug|Any CPU
		{833330F4-09D8-4F91-8797-E21C25B9664F}.Debug|Any CPU.Deploy.0 = Debug|Any CPU
		{833330F4-09D8-4F91-8797-E21C25B9664F}.Release|Any CPU.ActiveCfg = Release|Any CPU
		{833330F4-09D8-4F91-8797-E21C25B9664F}.Release|Any CPU.Build.0 = Release|Any CPU
		{833330F4-09D8-4F91-8797-E21C25B9664F}.Release|Any CPU.Deploy.0 = Release|Any CPU
	EndGlobalSection
	GlobalSection(SolutionProperties) = preSolution
		HideSolutionNode = FALSE
	EndGlobalSection
	GlobalSection(ExtensibilityGlobals) = postSolution
		SolutionGuid = {0795E1CE-65B6-474C-83AE-429FDEA5AEDC}
	EndGlobalSection
EndGlobal
